
Microsoft Visual Studio Solution File, Format Version 12.00
# Visual Studio Version 16
VisualStudioVersion = 16.0.29519.181
MinimumVisualStudioVersion = 10.0.40219.1
Project("{FAE04EC0-301F-11D3-BF4B-00C04F79EFBC}") = "BlogWeb", "BlogWeb\BlogWeb.csproj", "{4C66B96D-4B78-4D4B-A4A9-795C9F4DA805}"
EndProject
Global
	GlobalSection(SolutionConfigurationPlatforms) = preSolution
		Debug|Any CPU = Debug|Any CPU
		Release|Any CPU = Release|Any CPU
	EndGlobalSection
	GlobalSection(ProjectConfigurationPlatforms) = postSolution
		{4C66B96D-4B78-4D4B-A4A9-795C9F4DA805}.Debug|Any CPU.ActiveCfg = Debug|Any CPU
		{4C66B96D-4B78-4D4B-A4A9-795C9F4DA805}.Debug|Any CPU.Build.0 = Debug|Any CPU
		{4C66B96D-4B78-4D4B-A4A9-795C9F4DA805}.Release|Any CPU.ActiveCfg = Release|Any CPU
		{4C66B96D-4B78-4D4B-A4A9-795C9F4DA805}.Release|Any CPU.Build.0 = Release|Any CPU
	EndGlobalSection
	GlobalSection(SolutionProperties) = preSolution
		HideSolutionNode = FALSE
	EndGlobalSection
	GlobalSection(ExtensibilityGlobals) = postSolution
		SolutionGuid = {0870227B-1B96-4CE7-A45A-817FE7B43387}
	EndGlobalSection
EndGlobal
